
Microsoft Visual Studio Solution File, Format Version 12.00
# Visual Studio Version 17
VisualStudioVersion = 17.4.33213.308
MinimumVisualStudioVersion = 10.0.40219.1
Project("{9A19103F-16F7-4668-BE54-9A1E7A4F7556}") = "DependencyChecker", "DependencyChecker.csproj", "{EF1FD880-CA42-4722-A806-BFD73C3C0ACD}"
EndProject
Global
	GlobalSection(SolutionConfigurationPlatforms) = preSolution
		Debug|Any CPU = Debug|Any CPU
		Release|Any CPU = Release|Any CPU
	EndGlobalSection
	GlobalSection(ProjectConfigurationPlatforms) = postSolution
		{EF1FD880-CA42-4722-A806-BFD73C3C0ACD}.Debug|Any CPU.ActiveCfg = Debug|Any CPU
		{EF1FD880-CA42-4722-A806-BFD73C3C0ACD}.Debug|Any CPU.Build.0 = Debug|Any CPU
		{EF1FD880-CA42-4722-A806-BFD73C3C0ACD}.Release|Any CPU.ActiveCfg = Release|Any CPU
		{EF1FD880-CA42-4722-A806-BFD73C3C0ACD}.Release|Any CPU.Build.0 = Release|Any CPU
	EndGlobalSection
	GlobalSection(SolutionProperties) = preSolution
		HideSolutionNode = FALSE
	EndGlobalSection
	GlobalSection(ExtensibilityGlobals) = postSolution
		SolutionGuid = {A92A711F-4FA2-4B67-8835-F961918984DC}
	EndGlobalSection
EndGlobal
