
Microsoft Visual Studio Solution File, Format Version 12.00
# Visual Studio Version 17
VisualStudioVersion = 17.4.33213.308
MinimumVisualStudioVersion = 10.0.40219.1
Project("{9A19103F-16F7-4668-BE54-9A1E7A4F7556}") = "OderUI", "OderUI.csproj", "{67A92355-74AD-49B1-B31D-997E3CFF849D}"
EndProject
Global
	GlobalSection(SolutionConfigurationPlatforms) = preSolution
		Debug|Any CPU = Debug|Any CPU
		Release|Any CPU = Release|Any CPU
	EndGlobalSection
	GlobalSection(ProjectConfigurationPlatforms) = postSolution
		{67A92355-74AD-49B1-B31D-997E3CFF849D}.Debug|Any CPU.ActiveCfg = Debug|Any CPU
		{67A92355-74AD-49B1-B31D-997E3CFF849D}.Debug|Any CPU.Build.0 = Debug|Any CPU
		{67A92355-74AD-49B1-B31D-997E3CFF849D}.Release|Any CPU.ActiveCfg = Release|Any CPU
		{67A92355-74AD-49B1-B31D-997E3CFF849D}.Release|Any CPU.Build.0 = Release|Any CPU
	EndGlobalSection
	GlobalSection(SolutionProperties) = preSolution
		HideSolutionNode = FALSE
	EndGlobalSection
	GlobalSection(ExtensibilityGlobals) = postSolution
		SolutionGuid = {7C2E625E-620D-4424-ABDC-4BE6D3204100}
	EndGlobalSection
EndGlobal
