
Microsoft Visual Studio Solution File, Format Version 12.00
# Visual Studio Version 17
VisualStudioVersion = 17.7.34018.315
MinimumVisualStudioVersion = 10.0.40219.1
Project("{9A19103F-16F7-4668-BE54-9A1E7A4F7556}") = "Notifications", "Notifications.csproj", "{AF577EFE-75A8-4397-BA50-E2B7ECE7544E}"
EndProject
Global
	GlobalSection(SolutionConfigurationPlatforms) = preSolution
		Debug|Any CPU = Debug|Any CPU
		Release|Any CPU = Release|Any CPU
	EndGlobalSection
	GlobalSection(ProjectConfigurationPlatforms) = postSolution
		{AF577EFE-75A8-4397-BA50-E2B7ECE7544E}.Debug|Any CPU.ActiveCfg = Debug|Any CPU
		{AF577EFE-75A8-4397-BA50-E2B7ECE7544E}.Debug|Any CPU.Build.0 = Debug|Any CPU
		{AF577EFE-75A8-4397-BA50-E2B7ECE7544E}.Release|Any CPU.ActiveCfg = Release|Any CPU
		{AF577EFE-75A8-4397-BA50-E2B7ECE7544E}.Release|Any CPU.Build.0 = Release|Any CPU
	EndGlobalSection
	GlobalSection(SolutionProperties) = preSolution
		HideSolutionNode = FALSE
	EndGlobalSection
	GlobalSection(ExtensibilityGlobals) = postSolution
		SolutionGuid = {2078C947-FFAF-4D49-8B02-68672F044C50}
	EndGlobalSection
EndGlobal
